
Microsoft Visual Studio Solution File, Format Version 12.00
# Visual Studio Version 17
VisualStudioVersion = 17.13.35931.197 d17.13
MinimumVisualStudioVersion = 10.0.40219.1
Project("{FAE04EC0-301F-11D3-BF4B-00C04F79EFBC}") = "ctrujilloS5A", "ctrujilloS5A.csproj", "{649B1318-6D9A-4450-9CE2-EB1976401FA0}"
EndProject
Global
	GlobalSection(SolutionConfigurationPlatforms) = preSolution
		Debug|Any CPU = Debug|Any CPU
		Release|Any CPU = Release|Any CPU
	EndGlobalSection
	GlobalSection(ProjectConfigurationPlatforms) = postSolution
		{649B1318-6D9A-4450-9CE2-EB1976401FA0}.Debug|Any CPU.ActiveCfg = Debug|Any CPU
		{649B1318-6D9A-4450-9CE2-EB1976401FA0}.Debug|Any CPU.Build.0 = Debug|Any CPU
		{649B1318-6D9A-4450-9CE2-EB1976401FA0}.Release|Any CPU.ActiveCfg = Release|Any CPU
		{649B1318-6D9A-4450-9CE2-EB1976401FA0}.Release|Any CPU.Build.0 = Release|Any CPU
	EndGlobalSection
	GlobalSection(SolutionProperties) = preSolution
		HideSolutionNode = FALSE
	EndGlobalSection
	GlobalSection(ExtensibilityGlobals) = postSolution
		SolutionGuid = {1C9D17A9-D547-4C0C-9D8D-B86E79EBE210}
	EndGlobalSection
EndGlobal
